
Microsoft Visual Studio Solution File, Format Version 12.00
# Visual Studio 14
VisualStudioVersion = 14.0.22609.0
MinimumVisualStudioVersion = 10.0.40219.1
Project("{FAE04EC0-301F-11D3-BF4B-00C04F79EFBC}") = "CommonLibrary", "CommonLibrary\CommonLibrary.csproj", "{9769C8D7-E5A4-47BA-8936-73469A5387E0}"
EndProject
Project("{FAE04EC0-301F-11D3-BF4B-00C04F79EFBC}") = "AndroidApp", "AndroidApp\AndroidApp.csproj", "{5FBEA2C3-E05B-43D0-98DF-DCDCF92F0B78}"
EndProject
Project("{2150E333-8FDC-42A3-9474-1A3956D46DE8}") = "Solution Items", "Solution Items", "{4B29FC04-F0AA-45A1-B952-B8DC62905AA4}"
	ProjectSection(SolutionItems) = preProject
		SQLiteDatabaseConnection.cs = SQLiteDatabaseConnection.cs
	EndProjectSection
EndProject
Project("{FAE04EC0-301F-11D3-BF4B-00C04F79EFBC}") = "iPhoneApp", "iPhoneApp\iPhoneApp.csproj", "{F0585358-76CA-40F5-B7C8-89404088607D}"
EndProject
Project("{FAE04EC0-301F-11D3-BF4B-00C04F79EFBC}") = "WindowsPhoneApp", "WindowsPhoneApp\WindowsPhoneApp.csproj", "{A04D78AB-3772-4B52-8617-CDB15D7FEEA5}"
EndProject
Global
	GlobalSection(SolutionConfigurationPlatforms) = preSolution
		Ad-Hoc|Any CPU = Ad-Hoc|Any CPU
		Ad-Hoc|ARM = Ad-Hoc|ARM
		Ad-Hoc|iPhone = Ad-Hoc|iPhone
		Ad-Hoc|iPhoneSimulator = Ad-Hoc|iPhoneSimulator
		Ad-Hoc|x86 = Ad-Hoc|x86
		AppStore|Any CPU = AppStore|Any CPU
		AppStore|ARM = AppStore|ARM
		AppStore|iPhone = AppStore|iPhone
		AppStore|iPhoneSimulator = AppStore|iPhoneSimulator
		AppStore|x86 = AppStore|x86
		Debug|Any CPU = Debug|Any CPU
		Debug|ARM = Debug|ARM
		Debug|iPhone = Debug|iPhone
		Debug|iPhoneSimulator = Debug|iPhoneSimulator
		Debug|x86 = Debug|x86
		Release|Any CPU = Release|Any CPU
		Release|ARM = Release|ARM
		Release|iPhone = Release|iPhone
		Release|iPhoneSimulator = Release|iPhoneSimulator
		Release|x86 = Release|x86
	EndGlobalSection
	GlobalSection(ProjectConfigurationPlatforms) = postSolution
		{9769C8D7-E5A4-47BA-8936-73469A5387E0}.Ad-Hoc|Any CPU.ActiveCfg = Release|Any CPU
		{9769C8D7-E5A4-47BA-8936-73469A5387E0}.Ad-Hoc|Any CPU.Build.0 = Release|Any CPU
		{9769C8D7-E5A4-47BA-8936-73469A5387E0}.Ad-Hoc|ARM.ActiveCfg = Debug|Any CPU
		{9769C8D7-E5A4-47BA-8936-73469A5387E0}.Ad-Hoc|ARM.Build.0 = Debug|Any CPU
		{9769C8D7-E5A4-47BA-8936-73469A5387E0}.Ad-Hoc|iPhone.ActiveCfg = Release|Any CPU
		{9769C8D7-E5A4-47BA-8936-73469A5387E0}.Ad-Hoc|iPhone.Build.0 = Release|Any CPU
		{9769C8D7-E5A4-47BA-8936-73469A5387E0}.Ad-Hoc|iPhoneSimulator.ActiveCfg = Release|Any CPU
		{9769C8D7-E5A4-47BA-8936-73469A5387E0}.Ad-Hoc|iPhoneSimulator.Build.0 = Release|Any CPU
		{9769C8D7-E5A4-47BA-8936-73469A5387E0}.Ad-Hoc|x86.ActiveCfg = Debug|Any CPU
		{9769C8D7-E5A4-47BA-8936-73469A5387E0}.Ad-Hoc|x86.Build.0 = Debug|Any CPU
		{9769C8D7-E5A4-47BA-8936-73469A5387E0}.AppStore|Any CPU.ActiveCfg = Release|Any CPU
		{9769C8D7-E5A4-47BA-8936-73469A5387E0}.AppStore|Any CPU.Build.0 = Release|Any CPU
		{9769C8D7-E5A4-47BA-8936-73469A5387E0}.AppStore|ARM.ActiveCfg = Debug|Any CPU
		{9769C8D7-E5A4-47BA-8936-73469A5387E0}.AppStore|ARM.Build.0 = Debug|Any CPU
		{9769C8D7-E5A4-47BA-8936-73469A5387E0}.AppStore|iPhone.ActiveCfg = Release|Any CPU
		{9769C8D7-E5A4-47BA-8936-73469A5387E0}.AppStore|iPhone.Build.0 = Release|Any CPU
		{9769C8D7-E5A4-47BA-8936-73469A5387E0}.AppStore|iPhoneSimulator.ActiveCfg = Release|Any CPU
		{9769C8D7-E5A4-47BA-8936-73469A5387E0}.AppStore|iPhoneSimulator.Build.0 = Release|Any CPU
		{9769C8D7-E5A4-47BA-8936-73469A5387E0}.AppStore|x86.ActiveCfg = Debug|Any CPU
		{9769C8D7-E5A4-47BA-8936-73469A5387E0}.AppStore|x86.Build.0 = Debug|Any CPU
		{9769C8D7-E5A4-47BA-8936-73469A5387E0}.Debug|Any CPU.ActiveCfg = Debug|Any CPU
		{9769C8D7-E5A4-47BA-8936-73469A5387E0}.Debug|Any CPU.Build.0 = Debug|Any CPU
		{9769C8D7-E5A4-47BA-8936-73469A5387E0}.Debug|ARM.ActiveCfg = Debug|Any CPU
		{9769C8D7-E5A4-47BA-8936-73469A5387E0}.Debug|ARM.Build.0 = Debug|Any CPU
		{9769C8D7-E5A4-47BA-8936-73469A5387E0}.Debug|iPhone.ActiveCfg = Debug|Any CPU
		{9769C8D7-E5A4-47BA-8936-73469A5387E0}.Debug|iPhone.Build.0 = Debug|Any CPU
		{9769C8D7-E5A4-47BA-8936-73469A5387E0}.Debug|iPhoneSimulator.ActiveCfg = Debug|Any CPU
		{9769C8D7-E5A4-47BA-8936-73469A5387E0}.Debug|iPhoneSimulator.Build.0 = Debug|Any CPU
		{9769C8D7-E5A4-47BA-8936-73469A5387E0}.Debug|x86.ActiveCfg = Debug|Any CPU
		{9769C8D7-E5A4-47BA-8936-73469A5387E0}.Debug|x86.Build.0 = Debug|Any CPU
		{9769C8D7-E5A4-47BA-8936-73469A5387E0}.Release|Any CPU.ActiveCfg = Release|Any CPU
		{9769C8D7-E5A4-47BA-8936-73469A5387E0}.Release|Any CPU.Build.0 = Release|Any CPU
		{9769C8D7-E5A4-47BA-8936-73469A5387E0}.Release|ARM.ActiveCfg = Release|Any CPU
		{9769C8D7-E5A4-47BA-8936-73469A5387E0}.Release|ARM.Build.0 = Release|Any CPU
		{9769C8D7-E5A4-47BA-8936-73469A5387E0}.Release|iPhone.ActiveCfg = Release|Any CPU
		{9769C8D7-E5A4-47BA-8936-73469A5387E0}.Release|iPhone.Build.0 = Release|Any CPU
		{9769C8D7-E5A4-47BA-8936-73469A5387E0}.Release|iPhoneSimulator.ActiveCfg = Release|Any CPU
		{9769C8D7-E5A4-47BA-8936-73469A5387E0}.Release|iPhoneSimulator.Build.0 = Release|Any CPU
		{9769C8D7-E5A4-47BA-8936-73469A5387E0}.Release|x86.ActiveCfg = Release|Any CPU
		{9769C8D7-E5A4-47BA-8936-73469A5387E0}.Release|x86.Build.0 = Release|Any CPU
		{5FBEA2C3-E05B-43D0-98DF-DCDCF92F0B78}.Ad-Hoc|Any CPU.ActiveCfg = Release|Any CPU
		{5FBEA2C3-E05B-43D0-98DF-DCDCF92F0B78}.Ad-Hoc|Any CPU.Build.0 = Release|Any CPU
		{5FBEA2C3-E05B-43D0-98DF-DCDCF92F0B78}.Ad-Hoc|Any CPU.Deploy.0 = Release|Any CPU
		{5FBEA2C3-E05B-43D0-98DF-DCDCF92F0B78}.Ad-Hoc|ARM.ActiveCfg = Debug|Any CPU
		{5FBEA2C3-E05B-43D0-98DF-DCDCF92F0B78}.Ad-Hoc|ARM.Build.0 = Debug|Any CPU
		{5FBEA2C3-E05B-43D0-98DF-DCDCF92F0B78}.Ad-Hoc|ARM.Deploy.0 = Debug|Any CPU
		{5FBEA2C3-E05B-43D0-98DF-DCDCF92F0B78}.Ad-Hoc|iPhone.ActiveCfg = Release|Any CPU
		{5FBEA2C3-E05B-43D0-98DF-DCDCF92F0B78}.Ad-Hoc|iPhone.Build.0 = Release|Any CPU
		{5FBEA2C3-E05B-43D0-98DF-DCDCF92F0B78}.Ad-Hoc|iPhone.Deploy.0 = Release|Any CPU
		{5FBEA2C3-E05B-43D0-98DF-DCDCF92F0B78}.Ad-Hoc|iPhoneSimulator.ActiveCfg = Release|Any CPU
		{5FBEA2C3-E05B-43D0-98DF-DCDCF92F0B78}.Ad-Hoc|iPhoneSimulator.Build.0 = Release|Any CPU
		{5FBEA2C3-E05B-43D0-98DF-DCDCF92F0B78}.Ad-Hoc|iPhoneSimulator.Deploy.0 = Release|Any CPU
		{5FBEA2C3-E05B-43D0-98DF-DCDCF92F0B78}.Ad-Hoc|x86.ActiveCfg = Debug|Any CPU
		{5FBEA2C3-E05B-43D0-98DF-DCDCF92F0B78}.Ad-Hoc|x86.Build.0 = Debug|Any CPU
		{5FBEA2C3-E05B-43D0-98DF-DCDCF92F0B78}.Ad-Hoc|x86.Deploy.0 = Debug|Any CPU
		{5FBEA2C3-E05B-43D0-98DF-DCDCF92F0B78}.AppStore|Any CPU.ActiveCfg = Release|Any CPU
		{5FBEA2C3-E05B-43D0-98DF-DCDCF92F0B78}.AppStore|Any CPU.Build.0 = Release|Any CPU
		{5FBEA2C3-E05B-43D0-98DF-DCDCF92F0B78}.AppStore|Any CPU.Deploy.0 = Release|Any CPU
		{5FBEA2C3-E05B-43D0-98DF-DCDCF92F0B78}.AppStore|ARM.ActiveCfg = Debug|Any CPU
		{5FBEA2C3-E05B-43D0-98DF-DCDCF92F0B78}.AppStore|ARM.Build.0 = Debug|Any CPU
		{5FBEA2C3-E05B-43D0-98DF-DCDCF92F0B78}.AppStore|ARM.Deploy.0 = Debug|Any CPU
		{5FBEA2C3-E05B-43D0-98DF-DCDCF92F0B78}.AppStore|iPhone.ActiveCfg = Release|Any CPU
		{5FBEA2C3-E05B-43D0-98DF-DCDCF92F0B78}.AppStore|iPhone.Build.0 = Release|Any CPU
		{5FBEA2C3-E05B-43D0-98DF-DCDCF92F0B78}.AppStore|iPhone.Deploy.0 = Release|Any CPU
		{5FBEA2C3-E05B-43D0-98DF-DCDCF92F0B78}.AppStore|iPhoneSimulator.ActiveCfg = Release|Any CPU
		{5FBEA2C3-E05B-43D0-98DF-DCDCF92F0B78}.AppStore|iPhoneSimulator.Build.0 = Release|Any CPU
		{5FBEA2C3-E05B-43D0-98DF-DCDCF92F0B78}.AppStore|iPhoneSimulator.Deploy.0 = Release|Any CPU
		{5FBEA2C3-E05B-43D0-98DF-DCDCF92F0B78}.AppStore|x86.ActiveCfg = Debug|Any CPU
		{5FBEA2C3-E05B-43D0-98DF-DCDCF92F0B78}.AppStore|x86.Build.0 = Debug|Any CPU
		{5FBEA2C3-E05B-43D0-98DF-DCDCF92F0B78}.AppStore|x86.Deploy.0 = Debug|Any CPU
		{5FBEA2C3-E05B-43D0-98DF-DCDCF92F0B78}.Debug|Any CPU.ActiveCfg = Debug|Any CPU
		{5FBEA2C3-E05B-43D0-98DF-DCDCF92F0B78}.Debug|Any CPU.Build.0 = Debug|Any CPU
		{5FBEA2C3-E05B-43D0-98DF-DCDCF92F0B78}.Debug|Any CPU.Deploy.0 = Debug|Any CPU
		{5FBEA2C3-E05B-43D0-98DF-DCDCF92F0B78}.Debug|ARM.ActiveCfg = Debug|Any CPU
		{5FBEA2C3-E05B-43D0-98DF-DCDCF92F0B78}.Debug|ARM.Build.0 = Debug|Any CPU
		{5FBEA2C3-E05B-43D0-98DF-DCDCF92F0B78}.Debug|ARM.Deploy.0 = Debug|Any CPU
		{5FBEA2C3-E05B-43D0-98DF-DCDCF92F0B78}.Debug|iPhone.ActiveCfg = Debug|Any CPU
		{5FBEA2C3-E05B-43D0-98DF-DCDCF92F0B78}.Debug|iPhone.Build.0 = Debug|Any CPU
		{5FBEA2C3-E05B-43D0-98DF-DCDCF92F0B78}.Debug|iPhone.Deploy.0 = Debug|Any CPU
		{5FBEA2C3-E05B-43D0-98DF-DCDCF92F0B78}.Debug|iPhoneSimulator.ActiveCfg = Debug|Any CPU
		{5FBEA2C3-E05B-43D0-98DF-DCDCF92F0B78}.Debug|iPhoneSimulator.Build.0 = Debug|Any CPU
		{5FBEA2C3-E05B-43D0-98DF-DCDCF92F0B78}.Debug|iPhoneSimulator.Deploy.0 = Debug|Any CPU
		{5FBEA2C3-E05B-43D0-98DF-DCDCF92F0B78}.Debug|x86.ActiveCfg = Debug|Any CPU
		{5FBEA2C3-E05B-43D0-98DF-DCDCF92F0B78}.Debug|x86.Build.0 = Debug|Any CPU
		{5FBEA2C3-E05B-43D0-98DF-DCDCF92F0B78}.Debug|x86.Deploy.0 = Debug|Any CPU
		{5FBEA2C3-E05B-43D0-98DF-DCDCF92F0B78}.Release|Any CPU.ActiveCfg = Release|Any CPU
		{5FBEA2C3-E05B-43D0-98DF-DCDCF92F0B78}.Release|Any CPU.Build.0 = Release|Any CPU
		{5FBEA2C3-E05B-43D0-98DF-DCDCF92F0B78}.Release|Any CPU.Deploy.0 = Release|Any CPU
		{5FBEA2C3-E05B-43D0-98DF-DCDCF92F0B78}.Release|ARM.ActiveCfg = Release|Any CPU
		{5FBEA2C3-E05B-43D0-98DF-DCDCF92F0B78}.Release|ARM.Build.0 = Release|Any CPU
		{5FBEA2C3-E05B-43D0-98DF-DCDCF92F0B78}.Release|ARM.Deploy.0 = Release|Any CPU
		{5FBEA2C3-E05B-43D0-98DF-DCDCF92F0B78}.Release|iPhone.ActiveCfg = Release|Any CPU
		{5FBEA2C3-E05B-43D0-98DF-DCDCF92F0B78}.Release|iPhone.Build.0 = Release|Any CPU
		{5FBEA2C3-E05B-43D0-98DF-DCDCF92F0B78}.Release|iPhone.Deploy.0 = Release|Any CPU
		{5FBEA2C3-E05B-43D0-98DF-DCDCF92F0B78}.Release|iPhoneSimulator.ActiveCfg = Release|Any CPU
		{5FBEA2C3-E05B-43D0-98DF-DCDCF92F0B78}.Release|iPhoneSimulator.Build.0 = Release|Any CPU
		{5FBEA2C3-E05B-43D0-98DF-DCDCF92F0B78}.Release|iPhoneSimulator.Deploy.0 = Release|Any CPU
		{5FBEA2C3-E05B-43D0-98DF-DCDCF92F0B78}.Release|x86.ActiveCfg = Release|Any CPU
		{5FBEA2C3-E05B-43D0-98DF-DCDCF92F0B78}.Release|x86.Build.0 = Release|Any CPU
		{5FBEA2C3-E05B-43D0-98DF-DCDCF92F0B78}.Release|x86.Deploy.0 = Release|Any CPU
		{F0585358-76CA-40F5-B7C8-89404088607D}.Ad-Hoc|Any CPU.ActiveCfg = Ad-Hoc|iPhone
		{F0585358-76CA-40F5-B7C8-89404088607D}.Ad-Hoc|ARM.ActiveCfg = Ad-Hoc|iPhoneSimulator
		{F0585358-76CA-40F5-B7C8-89404088607D}.Ad-Hoc|iPhone.ActiveCfg = Ad-Hoc|iPhone
		{F0585358-76CA-40F5-B7C8-89404088607D}.Ad-Hoc|iPhone.Build.0 = Ad-Hoc|iPhone
		{F0585358-76CA-40F5-B7C8-89404088607D}.Ad-Hoc|iPhoneSimulator.ActiveCfg = Ad-Hoc|iPhoneSimulator
		{F0585358-76CA-40F5-B7C8-89404088607D}.Ad-Hoc|iPhoneSimulator.Build.0 = Ad-Hoc|iPhoneSimulator
		{F0585358-76CA-40F5-B7C8-89404088607D}.Ad-Hoc|x86.ActiveCfg = Ad-Hoc|iPhoneSimulator
		{F0585358-76CA-40F5-B7C8-89404088607D}.AppStore|Any CPU.ActiveCfg = AppStore|iPhone
		{F0585358-76CA-40F5-B7C8-89404088607D}.AppStore|ARM.ActiveCfg = AppStore|iPhoneSimulator
		{F0585358-76CA-40F5-B7C8-89404088607D}.AppStore|iPhone.ActiveCfg = AppStore|iPhone
		{F0585358-76CA-40F5-B7C8-89404088607D}.AppStore|iPhone.Build.0 = AppStore|iPhone
		{F0585358-76CA-40F5-B7C8-89404088607D}.AppStore|iPhoneSimulator.ActiveCfg = AppStore|iPhoneSimulator
		{F0585358-76CA-40F5-B7C8-89404088607D}.AppStore|iPhoneSimulator.Build.0 = AppStore|iPhoneSimulator
		{F0585358-76CA-40F5-B7C8-89404088607D}.AppStore|x86.ActiveCfg = AppStore|iPhoneSimulator
		{F0585358-76CA-40F5-B7C8-89404088607D}.Debug|Any CPU.ActiveCfg = Debug|iPhone
		{F0585358-76CA-40F5-B7C8-89404088607D}.Debug|ARM.ActiveCfg = Debug|iPhoneSimulator
		{F0585358-76CA-40F5-B7C8-89404088607D}.Debug|iPhone.ActiveCfg = Debug|iPhone
		{F0585358-76CA-40F5-B7C8-89404088607D}.Debug|iPhone.Build.0 = Debug|iPhone
		{F0585358-76CA-40F5-B7C8-89404088607D}.Debug|iPhone.Deploy.0 = Debug|iPhone
		{F0585358-76CA-40F5-B7C8-89404088607D}.Debug|iPhoneSimulator.ActiveCfg = Debug|iPhoneSimulator
		{F0585358-76CA-40F5-B7C8-89404088607D}.Debug|iPhoneSimulator.Build.0 = Debug|iPhoneSimulator
		{F0585358-76CA-40F5-B7C8-89404088607D}.Debug|x86.ActiveCfg = Debug|iPhoneSimulator
		{F0585358-76CA-40F5-B7C8-89404088607D}.Release|Any CPU.ActiveCfg = Release|iPhone
		{F0585358-76CA-40F5-B7C8-89404088607D}.Release|ARM.ActiveCfg = Release|iPhoneSimulator
		{F0585358-76CA-40F5-B7C8-89404088607D}.Release|iPhone.ActiveCfg = Release|iPhone
		{F0585358-76CA-40F5-B7C8-89404088607D}.Release|iPhone.Build.0 = Release|iPhone
		{F0585358-76CA-40F5-B7C8-89404088607D}.Release|iPhoneSimulator.ActiveCfg = Release|iPhoneSimulator
		{F0585358-76CA-40F5-B7C8-89404088607D}.Release|iPhoneSimulator.Build.0 = Release|iPhoneSimulator
		{F0585358-76CA-40F5-B7C8-89404088607D}.Release|x86.ActiveCfg = Release|iPhoneSimulator
		{A04D78AB-3772-4B52-8617-CDB15D7FEEA5}.Ad-Hoc|Any CPU.ActiveCfg = Release|Any CPU
		{A04D78AB-3772-4B52-8617-CDB15D7FEEA5}.Ad-Hoc|Any CPU.Build.0 = Release|Any CPU
		{A04D78AB-3772-4B52-8617-CDB15D7FEEA5}.Ad-Hoc|Any CPU.Deploy.0 = Release|Any CPU
		{A04D78AB-3772-4B52-8617-CDB15D7FEEA5}.Ad-Hoc|ARM.ActiveCfg = Release|ARM
		{A04D78AB-3772-4B52-8617-CDB15D7FEEA5}.Ad-Hoc|ARM.Build.0 = Release|ARM
		{A04D78AB-3772-4B52-8617-CDB15D7FEEA5}.Ad-Hoc|ARM.Deploy.0 = Release|ARM
		{A04D78AB-3772-4B52-8617-CDB15D7FEEA5}.Ad-Hoc|iPhone.ActiveCfg = Release|Any CPU
		{A04D78AB-3772-4B52-8617-CDB15D7FEEA5}.Ad-Hoc|iPhone.Build.0 = Release|Any CPU
		{A04D78AB-3772-4B52-8617-CDB15D7FEEA5}.Ad-Hoc|iPhone.Deploy.0 = Release|Any CPU
		{A04D78AB-3772-4B52-8617-CDB15D7FEEA5}.Ad-Hoc|iPhoneSimulator.ActiveCfg = Release|Any CPU
		{A04D78AB-3772-4B52-8617-CDB15D7FEEA5}.Ad-Hoc|iPhoneSimulator.Build.0 = Release|Any CPU
		{A04D78AB-3772-4B52-8617-CDB15D7FEEA5}.Ad-Hoc|iPhoneSimulator.Deploy.0 = Release|Any CPU
		{A04D78AB-3772-4B52-8617-CDB15D7FEEA5}.Ad-Hoc|x86.ActiveCfg = Release|x86
		{A04D78AB-3772-4B52-8617-CDB15D7FEEA5}.Ad-Hoc|x86.Build.0 = Release|x86
		{A04D78AB-3772-4B52-8617-CDB15D7FEEA5}.Ad-Hoc|x86.Deploy.0 = Release|x86
		{A04D78AB-3772-4B52-8617-CDB15D7FEEA5}.AppStore|Any CPU.ActiveCfg = Release|Any CPU
		{A04D78AB-3772-4B52-8617-CDB15D7FEEA5}.AppStore|Any CPU.Build.0 = Release|Any CPU
		{A04D78AB-3772-4B52-8617-CDB15D7FEEA5}.AppStore|Any CPU.Deploy.0 = Release|Any CPU
		{A04D78AB-3772-4B52-8617-CDB15D7FEEA5}.AppStore|ARM.ActiveCfg = Release|ARM
		{A04D78AB-3772-4B52-8617-CDB15D7FEEA5}.AppStore|ARM.Build.0 = Release|ARM
		{A04D78AB-3772-4B52-8617-CDB15D7FEEA5}.AppStore|ARM.Deploy.0 = Release|ARM
		{A04D78AB-3772-4B52-8617-CDB15D7FEEA5}.AppStore|iPhone.ActiveCfg = Release|Any CPU
		{A04D78AB-3772-4B52-8617-CDB15D7FEEA5}.AppStore|iPhone.Build.0 = Release|Any CPU
		{A04D78AB-3772-4B52-8617-CDB15D7FEEA5}.AppStore|iPhone.Deploy.0 = Release|Any CPU
		{A04D78AB-3772-4B52-8617-CDB15D7FEEA5}.AppStore|iPhoneSimulator.ActiveCfg = Release|Any CPU
		{A04D78AB-3772-4B52-8617-CDB15D7FEEA5}.AppStore|iPhoneSimulator.Build.0 = Release|Any CPU
		{A04D78AB-3772-4B52-8617-CDB15D7FEEA5}.AppStore|iPhoneSimulator.Deploy.0 = Release|Any CPU
		{A04D78AB-3772-4B52-8617-CDB15D7FEEA5}.AppStore|x86.ActiveCfg = Release|x86
		{A04D78AB-3772-4B52-8617-CDB15D7FEEA5}.AppStore|x86.Build.0 = Release|x86
		{A04D78AB-3772-4B52-8617-CDB15D7FEEA5}.AppStore|x86.Deploy.0 = Release|x86
		{A04D78AB-3772-4B52-8617-CDB15D7FEEA5}.Debug|Any CPU.ActiveCfg = Debug|Any CPU
		{A04D78AB-3772-4B52-8617-CDB15D7FEEA5}.Debug|Any CPU.Build.0 = Debug|Any CPU
		{A04D78AB-3772-4B52-8617-CDB15D7FEEA5}.Debug|Any CPU.Deploy.0 = Debug|Any CPU
		{A04D78AB-3772-4B52-8617-CDB15D7FEEA5}.Debug|ARM.ActiveCfg = Debug|ARM
		{A04D78AB-3772-4B52-8617-CDB15D7FEEA5}.Debug|ARM.Build.0 = Debug|ARM
		{A04D78AB-3772-4B52-8617-CDB15D7FEEA5}.Debug|ARM.Deploy.0 = Debug|ARM
		{A04D78AB-3772-4B52-8617-CDB15D7FEEA5}.Debug|iPhone.ActiveCfg = Debug|Any CPU
		{A04D78AB-3772-4B52-8617-CDB15D7FEEA5}.Debug|iPhone.Build.0 = Debug|Any CPU
		{A04D78AB-3772-4B52-8617-CDB15D7FEEA5}.Debug|iPhone.Deploy.0 = Debug|Any CPU
		{A04D78AB-3772-4B52-8617-CDB15D7FEEA5}.Debug|iPhoneSimulator.ActiveCfg = Debug|Any CPU
		{A04D78AB-3772-4B52-8617-CDB15D7FEEA5}.Debug|iPhoneSimulator.Build.0 = Debug|Any CPU
		{A04D78AB-3772-4B52-8617-CDB15D7FEEA5}.Debug|iPhoneSimulator.Deploy.0 = Debug|Any CPU
		{A04D78AB-3772-4B52-8617-CDB15D7FEEA5}.Debug|x86.ActiveCfg = Debug|x86
		{A04D78AB-3772-4B52-8617-CDB15D7FEEA5}.Debug|x86.Build.0 = Debug|x86
		{A04D78AB-3772-4B52-8617-CDB15D7FEEA5}.Debug|x86.Deploy.0 = Debug|x86
		{A04D78AB-3772-4B52-8617-CDB15D7FEEA5}.Release|Any CPU.ActiveCfg = Release|Any CPU
		{A04D78AB-3772-4B52-8617-CDB15D7FEEA5}.Release|Any CPU.Build.0 = Release|Any CPU
		{A04D78AB-3772-4B52-8617-CDB15D7FEEA5}.Release|Any CPU.Deploy.0 = Release|Any CPU
		{A04D78AB-3772-4B52-8617-CDB15D7FEEA5}.Release|ARM.ActiveCfg = Release|ARM
		{A04D78AB-3772-4B52-8617-CDB15D7FEEA5}.Release|ARM.Build.0 = Release|ARM
		{A04D78AB-3772-4B52-8617-CDB15D7FEEA5}.Release|ARM.Deploy.0 = Release|ARM
		{A04D78AB-3772-4B52-8617-CDB15D7FEEA5}.Release|iPhone.ActiveCfg = Release|Any CPU
		{A04D78AB-3772-4B52-8617-CDB15D7FEEA5}.Release|iPhone.Build.0 = Release|Any CPU
		{A04D78AB-3772-4B52-8617-CDB15D7FEEA5}.Release|iPhone.Deploy.0 = Release|Any CPU
		{A04D78AB-3772-4B52-8617-CDB15D7FEEA5}.Release|iPhoneSimulator.ActiveCfg = Release|Any CPU
		{A04D78AB-3772-4B52-8617-CDB15D7FEEA5}.Release|iPhoneSimulator.Build.0 = Release|Any CPU
		{A04D78AB-3772-4B52-8617-CDB15D7FEEA5}.Release|iPhoneSimulator.Deploy.0 = Release|Any CPU
		{A04D78AB-3772-4B52-8617-CDB15D7FEEA5}.Release|x86.ActiveCfg = Release|x86
		{A04D78AB-3772-4B52-8617-CDB15D7FEEA5}.Release|x86.Build.0 = Release|x86
		{A04D78AB-3772-4B52-8617-CDB15D7FEEA5}.Release|x86.Deploy.0 = Release|x86
	EndGlobalSection
	GlobalSection(SolutionProperties) = preSolution
		HideSolutionNode = FALSE
	EndGlobalSection
EndGlobal
